// !$*UTF8*$!
{
	archiveVersion = 1;
	classes = {
	};
	objectVersion = 46;
	objects = {

/* Begin PBXBuildFile section */
		247219A51D5B036C0059735F /* AppDelegate.swift in Sources */ = {isa = PBXBuildFile; fileRef = 247219A41D5B036C0059735F /* AppDelegate.swift */; };
		247219A71D5B036C0059735F /* ViewController.swift in Sources */ = {isa = PBXBuildFile; fileRef = 247219A61D5B036C0059735F /* ViewController.swift */; };
		247219AA1D5B036C0059735F /* Main.storyboard in Resources */ = {isa = PBXBuildFile; fileRef = 247219A81D5B036C0059735F /* Main.storyboard */; };
		247219AC1D5B036C0059735F /* Assets.xcassets in Resources */ = {isa = PBXBuildFile; fileRef = 247219AB1D5B036C0059735F /* Assets.xcassets */; };
		247219AF1D5B036C0059735F /* LaunchScreen.storyboard in Resources */ = {isa = PBXBuildFile; fileRef = 247219AD1D5B036C0059735F /* LaunchScreen.storyboard */; };
		247219BA1D5B036C0059735F /* calculatorTests.swift in Sources */ = {isa = PBXBuildFile; fileRef = 247219B91D5B036C0059735F /* calculatorTests.swift */; };
		247219C51D5B46A20059735F /* CalculatorBrain.swift in Sources */ = {isa = PBXBuildFile; fileRef = 247219C41D5B46A20059735F /* CalculatorBrain.swift */; };
/* End PBXBuildFile section */

/* Begin PBXContainerItemProxy section */
		247219B61D5B036C0059735F /* PBXContainerItemProxy */ = {
			isa = PBXContainerItemProxy;
			containerPortal = 247219991D5B036C0059735F /* Project object */;
			proxyType = 1;
			remoteGlobalIDString = 247219A01D5B036C0059735F;
			remoteInfo = calculator;
		};
/* End PBXContainerItemProxy section */

/* Begin PBXFileReference section */
		247219A11D5B036C0059735F /* calculator.app */ = {isa = PBXFileReference; explicitFileType = wrapper.application; includeInIndex = 0; path = calculator.app; sourceTree = BUILT_PRODUCTS_DIR; };
		247219A41D5B036C0059735F /* AppDelegate.swift */ = {isa = PBXFileReference; lastKnownFileType = sourcecode.swift; path = AppDelegate.swift; sourceTree = "<group>"; };
		247219A61D5B036C0059735F /* ViewController.swift */ = {isa = PBXFileReference; lastKnownFileType = sourcecode.swift; path = ViewController.swift; sourceTree = "<group>"; };
		247219A91D5B036C0059735F /* Base */ = {isa = PBXFileReference; lastKnownFileType = file.storyboard; name = Base; path = Base.lproj/Main.storyboard; sourceTree = "<group>"; };
		247219AB1D5B036C0059735F /* Assets.xcassets */ = {isa = PBXFileReference; lastKnownFileType = folder.assetcatalog; path = Assets.xcassets; sourceTree = "<group>"; };
		247219AE1D5B036C0059735F /* Base */ = {isa = PBXFileReference; lastKnownFileType = file.storyboard; name = Base; path = Base.lproj/LaunchScreen.storyboard; sourceTree = "<group>"; };
		247219B01D5B036C0059735F /* Info.plist */ = {isa = PBXFileReference; lastKnownFileType = text.plist.xml; path = Info.plist; sourceTree = "<group>"; };
		247219B51D5B036C0059735F /* calculatorTests.xctest */ = {isa = PBXFileReference; explicitFileType = wrapper.cfbundle; includeInIndex = 0; path = calculatorTests.xctest; sourceTree = BUILT_PRODUCTS_DIR; };
		247219B91D5B036C0059735F /* calculatorTests.swift */ = {isa = PBXFileReference; lastKnownFileType = sourcecode.swift; path = calculatorTests.swift; sourceTree = "<group>"; };
		247219BB1D5B036C0059735F /* Info.plist */ = {isa = PBXFileReference; lastKnownFileType = text.plist.xml; path = Info.plist; sourceTree = "<group>"; };
		247219C41D5B46A20059735F /* CalculatorBrain.swift */ = {isa = PBXFileReference; fileEncoding = 4; lastKnownFileType = sourcecode.swift; path = CalculatorBrain.swift; sourceTree = "<group>"; };
/* End PBXFileReference section */

/* Begin PBXFrameworksBuildPhase section */
		2472199E1D5B036C0059735F /* Frameworks */ = {
			isa = PBXFrameworksBuildPhase;
			buildActionMask = 2147483647;
			files = (
			);
			runOnlyForDeploymentPostprocessing = 0;
		};
		247219B21D5B036C0059735F /* Frameworks */ = {
			isa = PBXFrameworksBuildPhase;
			buildActionMask = 2147483647;
			files = (
			);
			runOnlyForDeploymentPostprocessing = 0;
		};
/* End PBXFrameworksBuildPhase section */

/* Begin PBXGroup section */
		247219981D5B036C0059735F = {
			isa = PBXGroup;
			children = (
				247219A31D5B036C0059735F /* calculator */,
				247219B81D5B036C0059735F /* calculatorTests */,
				247219A21D5B036C0059735F /* Products */,
			);
			sourceTree = "<group>";
		};
		247219A21D5B036C0059735F /* Products */ = {
			isa = PBXGroup;
			children = (
				247219A11D5B036C0059735F /* calculator.app */,
				247219B51D5B036C0059735F /* calculatorTests.xctest */,
			);
			name = Products;
			sourceTree = "<group>";
		};
		247219A31D5B036C0059735F /* calculator */ = {
			isa = PBXGroup;
			children = (
				247219A41D5B036C0059735F /* AppDelegate.swift */,
				247219A61D5B036C0059735F /* ViewController.swift */,
				247219A81D5B036C0059735F /* Main.storyboard */,
				247219C41D5B46A20059735F /* CalculatorBrain.swift */,
				247219AB1D5B036C0059735F /* Assets.xcassets */,
				247219AD1D5B036C0059735F /* LaunchScreen.storyboard */,
				247219B01D5B036C0059735F /* Info.plist */,
			);
			path = calculator;
			sourceTree = "<group>";
		};
		247219B81D5B036C0059735F /* calculatorTests */ = {
			isa = PBXGroup;
			children = (
				247219B91D5B036C0059735F /* calculatorTests.swift */,
				247219BB1D5B036C0059735F /* Info.plist */,
			);
			path = calculatorTests;
			sourceTree = "<group>";
		};
/* End PBXGroup section */

/* Begin PBXNativeTarget section */
		247219A01D5B036C0059735F /* calculator */ = {
			isa = PBXNativeTarget;
			buildConfigurationList = 247219BE1D5B036C0059735F /* Build configuration list for PBXNativeTarget "calculator" */;
			buildPhases = (
				2472199D1D5B036C0059735F /* Sources */,
				2472199E1D5B036C0059735F /* Frameworks */,
				2472199F1D5B036C0059735F /* Resources */,
			);
			buildRules = (
			);
			dependencies = (
			);
			name = calculator;
			productName = calculator;
			productReference = 247219A11D5B036C0059735F /* calculator.app */;
			productType = "com.apple.product-type.application";
		};
		247219B41D5B036C0059735F /* calculatorTests */ = {
			isa = PBXNativeTarget;
			buildConfigurationList = 247219C11D5B036C0059735F /* Build configuration list for PBXNativeTarget "calculatorTests" */;
			buildPhases = (
				247219B11D5B036C0059735F /* Sources */,
				247219B21D5B036C0059735F /* Frameworks */,
				247219B31D5B036C0059735F /* Resources */,
			);
			buildRules = (
			);
			dependencies = (
				247219B71D5B036C0059735F /* PBXTargetDependency */,
			);
			name = calculatorTests;
			productName = calculatorTests;
			productReference = 247219B51D5B036C0059735F /* calculatorTests.xctest */;
			productType = "com.apple.product-type.bundle.unit-test";
		};
/* End PBXNativeTarget section */

/* Begin PBXProject section */
		247219991D5B036C0059735F /* Project object */ = {
			isa = PBXProject;
			attributes = {
				LastSwiftUpdateCheck = 0730;
				LastUpgradeCheck = 0730;
				ORGANIZATIONNAME = "Rakshith Bellare";
				TargetAttributes = {
					247219A01D5B036C0059735F = {
						CreatedOnToolsVersion = 7.3.1;
					};
					247219B41D5B036C0059735F = {
						CreatedOnToolsVersion = 7.3.1;
						TestTargetID = 247219A01D5B036C0059735F;
					};
				};
			};
			buildConfigurationList = 2472199C1D5B036C0059735F /* Build configuration list for PBXProject "calculator" */;
			compatibilityVersion = "Xcode 3.2";
			developmentRegion = English;
			hasScannedForEncodings = 0;
			knownRegions = (
				en,
				Base,
			);
			mainGroup = 247219981D5B036C0059735F;
			productRefGroup = 247219A21D5B036C0059735F /* Products */;
			projectDirPath = "";
			projectRoot = "";
			targets = (
				247219A01D5B036C0059735F /* calculator */,
				247219B41D5B036C0059735F /* calculatorTests */,
			);
		};
/* End PBXProject section */

/* Begin PBXResourcesBuildPhase section */
		2472199F1D5B036C0059735F /* Resources */ = {
			isa = PBXResourcesBuildPhase;
			buildActionMask = 2147483647;
			files = (
				247219AF1D5B036C0059735F /* LaunchScreen.storyboard in Resources */,
				247219AC1D5B036C0059735F /* Assets.xcassets in Resources */,
				247219AA1D5B036C0059735F /* Main.storyboard in Resources */,
			);
			runOnlyForDeploymentPostprocessing = 0;
		};
		247219B31D5B036C0059735F /* Resources */ = {
			isa = PBXResourcesBuildPhase;
			buildActionMask = 2147483647;
			files = (
			);
			runOnlyForDeploymentPostprocessing = 0;
		};
/* End PBXResourcesBuildPhase section */

/* Begin PBXSourcesBuildPhase section */
		2472199D1D5B036C0059735F /* Sources */ = {
			isa = PBXSourcesBuildPhase;
			buildActionMask = 2147483647;
			files = (
				247219C51D5B46A20059735F /* CalculatorBrain.swift in Sources */,
				247219A71D5B036C0059735F /* ViewController.swift in Sources */,
				247219A51D5B036C0059735F /* AppDelegate.swift in Sources */,
			);
			runOnlyForDeploymentPostprocessing = 0;
		};
		247219B11D5B036C0059735F /* Sources */ = {
			isa = PBXSourcesBuildPhase;
			buildActionMask = 2147483647;
			files = (
				247219BA1D5B036C0059735F /* calculatorTests.swift in Sources */,
			);
			runOnlyForDeploymentPostprocessing = 0;
		};
/* End PBXSourcesBuildPhase section */

/* Begin PBXTargetDependency section */
		247219B71D5B036C0059735F /* PBXTargetDependency */ = {
			isa = PBXTargetDependency;
			target = 247219A01D5B036C0059735F /* calculator */;
			targetProxy = 247219B61D5B036C0059735F /* PBXContainerItemProxy */;
		};
/* End PBXTargetDependency section */

/* Begin PBXVariantGroup section */
		247219A81D5B036C0059735F /* Main.storyboard */ = {
			isa = PBXVariantGroup;
			children = (
				247219A91D5B036C0059735F /* Base */,
			);
			name = Main.storyboard;
			sourceTree = "<group>";
		};
		247219AD1D5B036C0059735F /* LaunchScreen.storyboard */ = {
			isa = PBXVariantGroup;
			children = (
				247219AE1D5B036C0059735F /* Base */,
			);
			name = LaunchScreen.storyboard;
			sourceTree = "<group>";
		};
/* End PBXVariantGroup section */

/* Begin XCBuildConfiguration section */
		247219BC1D5B036C0059735F /* Debug */ = {
			isa = XCBuildConfiguration;
			buildSettings = {
				ALWAYS_SEARCH_USER_PATHS = NO;
				CLANG_ANALYZER_NONNULL = YES;
				CLANG_CXX_LANGUAGE_STANDARD = "gnu++0x";
				CLANG_CXX_LIBRARY = "libc++";
				CLANG_ENABLE_MODULES = YES;
				CLANG_ENABLE_OBJC_ARC = YES;
				CLANG_WARN_BOOL_CONVERSION = YES;
				CLANG_WARN_CONSTANT_CONVERSION = YES;
				CLANG_WARN_DIRECT_OBJC_ISA_USAGE = YES_ERROR;
				CLANG_WARN_EMPTY_BODY = YES;
				CLANG_WARN_ENUM_CONVERSION = YES;
				CLANG_WARN_INT_CONVERSION = YES;
				CLANG_WARN_OBJC_ROOT_CLASS = YES_ERROR;
				CLANG_WARN_UNREACHABLE_CODE = YES;
				CLANG_WARN__DUPLICATE_METHOD_MATCH = YES;
				"CODE_SIGN_IDENTITY[sdk=iphoneos*]" = "iPhone Developer";
				COPY_PHASE_STRIP = NO;
				DEBUG_INFORMATION_FORMAT = dwarf;
				ENABLE_STRICT_OBJC_MSGSEND = YES;
				ENABLE_TESTABILITY = YES;
				GCC_C_LANGUAGE_STANDARD = gnu99;
				GCC_DYNAMIC_NO_PIC = NO;
				GCC_NO_COMMON_BLOCKS = YES;
				GCC_OPTIMIZATION_LEVEL = 0;
				GCC_PREPROCESSOR_DEFINITIONS = (
					"DEBUG=1",
					"$(inherited)",
				);
				GCC_WARN_64_TO_32_BIT_CONVERSION = YES;
				GCC_WARN_ABOUT_RETURN_TYPE = YES_ERROR;
				GCC_WARN_UNDECLARED_SELECTOR = YES;
				GCC_WARN_UNINITIALIZED_AUTOS = YES_AGGRESSIVE;
				GCC_WARN_UNUSED_FUNCTION = YES;
				GCC_WARN_UNUSED_VARIABLE = YES;
				IPHONEOS_DEPLOYMENT_TARGET = 9.3;
				MTL_ENABLE_DEBUG_INFO = YES;
				ONLY_ACTIVE_ARCH = YES;
				SDKROOT = iphoneos;
				SWIFT_OPTIMIZATION_LEVEL = "-Onone";
			};
			name = Debug;
		};
		247219BD1D5B036C0059735F /* Release */ = {
			isa = XCBuildConfiguration;
			buildSettings = {
				ALWAYS_SEARCH_USER_PATHS = NO;
				CLANG_ANALYZER_NONNULL = YES;
				CLANG_CXX_LANGUAGE_STANDARD = "gnu++0x";
				CLANG_CXX_LIBRARY = "libc++";
				CLANG_ENABLE_MODULES = YES;
				CLANG_ENABLE_OBJC_ARC = YES;
				CLANG_WARN_BOOL_CONVERSION = YES;
				CLANG_WARN_CONSTANT_CONVERSION = YES;
				CLANG_WARN_DIRECT_OBJC_ISA_USAGE = YES_ERROR;
				CLANG_WARN_EMPTY_BODY = YES;
				CLANG_WARN_ENUM_CONVERSION = YES;
				CLANG_WARN_INT_CONVERSION = YES;
				CLANG_WARN_OBJC_ROOT_CLASS = YES_ERROR;
				CLANG_WARN_UNREACHABLE_CODE = YES;
				CLANG_WARN__DUPLICATE_METHOD_MATCH = YES;
				"CODE_SIGN_IDENTITY[sdk=iphoneos*]" = "iPhone Developer";
				COPY_PHASE_STRIP = NO;
				DEBUG_INFORMATION_FORMAT = "dwarf-with-dsym";
				ENABLE_NS_ASSERTIONS = NO;
				ENABLE_STRICT_OBJC_MSGSEND = YES;
				GCC_C_LANGUAGE_STANDARD = gnu99;
				GCC_NO_COMMON_BLOCKS = YES;
				GCC_WARN_64_TO_32_BIT_CONVERSION = YES;
				GCC_WARN_ABOUT_RETURN_TYPE = YES_ERROR;
				GCC_WARN_UNDECLARED_SELECTOR = YES;
				GCC_WARN_UNINITIALIZED_AUTOS = YES_AGGRESSIVE;
				GCC_WARN_UNUSED_FUNCTION = YES;
				GCC_WARN_UNUSED_VARIABLE = YES;
				IPHONEOS_DEPLOYMENT_TARGET = 9.3;
				MTL_ENABLE_DEBUG_INFO = NO;
				SDKROOT = iphoneos;
				VALIDATE_PRODUCT = YES;
			};
			name = Release;
		};
		247219BF1D5B036C0059735F /* Debug */ = {
			isa = XCBuildConfiguration;
			buildSettings = {
				ASSETCATALOG_COMPILER_APPICON_NAME = AppIcon;
				INFOPLIST_FILE = calculator/Info.plist;
				LD_RUNPATH_SEARCH_PATHS = "$(inherited) @executable_path/Frameworks";
				PRODUCT_BUNDLE_IDENTIFIER = com.example.calculator;
				PRODUCT_NAME = "$(TARGET_NAME)";
			};
			name = Debug;
		};
		247219C01D5B036C0059735F /* Release */ = {
			isa = XCBuildConfiguration;
			buildSettings = {
				ASSETCATALOG_COMPILER_APPICON_NAME = AppIcon;
				INFOPLIST_FILE = calculator/Info.plist;
				LD_RUNPATH_SEARCH_PATHS = "$(inherited) @executable_path/Frameworks";
				PRODUCT_BUNDLE_IDENTIFIER = com.example.calculator;
				PRODUCT_NAME = "$(TARGET_NAME)";
			};
			name = Release;
		};
		247219C21D5B036C0059735F /* Debug */ = {
			isa = XCBuildConfiguration;
			buildSettings = {
				BUNDLE_LOADER = "$(TEST_HOST)";
				INFOPLIST_FILE = calculatorTests/Info.plist;
				LD_RUNPATH_SEARCH_PATHS = "$(inherited) @executable_path/Frameworks @loader_path/Frameworks";
				PRODUCT_BUNDLE_IDENTIFIER = com.example.calculatorTests;
				PRODUCT_NAME = "$(TARGET_NAME)";
				TEST_HOST = "$(BUILT_PRODUCTS_DIR)/calculator.app/calculator";
			};
			name = Debug;
		};
		247219C31D5B036C0059735F /* Release */ = {
			isa = XCBuildConfiguration;
			buildSettings = {
				BUNDLE_LOADER = "$(TEST_HOST)";
				INFOPLIST_FILE = calculatorTests/Info.plist;
				LD_RUNPATH_SEARCH_PATHS = "$(inherited) @executable_path/Frameworks @loader_path/Frameworks";
				PRODUCT_BUNDLE_IDENTIFIER = com.example.calculatorTests;
				PRODUCT_NAME = "$(TARGET_NAME)";
				TEST_HOST = "$(BUILT_PRODUCTS_DIR)/calculator.app/calculator";
			};
			name = Release;
		};
/* End XCBuildConfiguration section */

/* Begin XCConfigurationList section */
		2472199C1D5B036C0059735F /* Build configuration list for PBXProject "calculator" */ = {
			isa = XCConfigurationList;
			buildConfigurations = (
				247219BC1D5B036C0059735F /* Debug */,
				247219BD1D5B036C0059735F /* Release */,
			);
			defaultConfigurationIsVisible = 0;
			defaultConfigurationName = Release;
		};
		247219BE1D5B036C0059735F /* Build configuration list for PBXNativeTarget "calculator" */ = {
			isa = XCConfigurationList;
			buildConfigurations = (
				247219BF1D5B036C0059735F /* Debug */,
				247219C01D5B036C0059735F /* Release */,
			);
			defaultConfigurationIsVisible = 0;
		};
		247219C11D5B036C0059735F /* Build configuration list for PBXNativeTarget "calculatorTests" */ = {
			isa = XCConfigurationList;
			buildConfigurations = (
				247219C21D5B036C0059735F /* Debug */,
				247219C31D5B036C0059735F /* Release */,
			);
			defaultConfigurationIsVisible = 0;
		};
/* End XCConfigurationList section */
	};
	rootObject = 247219991D5B036C0059735F /* Project object */;
}
